
Microsoft Visual Studio Solution File, Format Version 12.00
# Visual Studio 15
VisualStudioVersion = 15.0.27703.2042
MinimumVisualStudioVersion = 10.0.40219.1
Project("{F184B08F-C81C-45F6-A57F-5ABD9991F28F}") = "Dice Project", "Dice Project\Dice Project.vbproj", "{4271FAA4-C79A-4065-8F25-261945B672DE}"
EndProject
Global
	GlobalSection(SolutionConfigurationPlatforms) = preSolution
		Debug|Any CPU = Debug|Any CPU
		Release|Any CPU = Release|Any CPU
	EndGlobalSection
	GlobalSection(ProjectConfigurationPlatforms) = postSolution
		{4271FAA4-C79A-4065-8F25-261945B672DE}.Debug|Any CPU.ActiveCfg = Debug|Any CPU
		{4271FAA4-C79A-4065-8F25-261945B672DE}.Debug|Any CPU.Build.0 = Debug|Any CPU
		{4271FAA4-C79A-4065-8F25-261945B672DE}.Release|Any CPU.ActiveCfg = Release|Any CPU
		{4271FAA4-C79A-4065-8F25-261945B672DE}.Release|Any CPU.Build.0 = Release|Any CPU
	EndGlobalSection
	GlobalSection(SolutionProperties) = preSolution
		HideSolutionNode = FALSE
	EndGlobalSection
	GlobalSection(ExtensibilityGlobals) = postSolution
		SolutionGuid = {94367CEE-03E6-4CA5-B99B-EE1045638F6D}
	EndGlobalSection
EndGlobal
